
Microsoft Visual Studio Solution File, Format Version 12.00
# Visual Studio Version 16
VisualStudioVersion = 16.0.29920.165
MinimumVisualStudioVersion = 10.0.40219.1
Project("{FAE04EC0-301F-11D3-BF4B-00C04F79EFBC}") = "SqlServerAutoBuckups", "SqlServerAutoBuckups.csproj", "{FD6D1141-C732-4B19-A18B-338D2253AE86}"
EndProject
Global
	GlobalSection(SolutionConfigurationPlatforms) = preSolution
		Debug|Any CPU = Debug|Any CPU
		Release|Any CPU = Release|Any CPU
	EndGlobalSection
	GlobalSection(ProjectConfigurationPlatforms) = postSolution
		{FD6D1141-C732-4B19-A18B-338D2253AE86}.Debug|Any CPU.ActiveCfg = Debug|Any CPU
		{FD6D1141-C732-4B19-A18B-338D2253AE86}.Debug|Any CPU.Build.0 = Debug|Any CPU
		{FD6D1141-C732-4B19-A18B-338D2253AE86}.Release|Any CPU.ActiveCfg = Release|Any CPU
		{FD6D1141-C732-4B19-A18B-338D2253AE86}.Release|Any CPU.Build.0 = Release|Any CPU
	EndGlobalSection
	GlobalSection(SolutionProperties) = preSolution
		HideSolutionNode = FALSE
	EndGlobalSection
	GlobalSection(ExtensibilityGlobals) = postSolution
		SolutionGuid = {E6268DEB-1866-4956-B33D-6AD6B9B9C0B1}
	EndGlobalSection
EndGlobal
